
Microsoft Visual Studio Solution File, Format Version 12.00
# Visual Studio Version 17
VisualStudioVersion = 17.0.31903.59
MinimumVisualStudioVersion = 10.0.40219.1
Project("{2150E333-8FDC-42A3-9474-1A3956D46DE8}") = "src", "src", "{827E0CD3-B72D-47B6-A68D-7590B98EB39B}"
EndProject
Project("{FAE04EC0-301F-11D3-BF4B-00C04F79EFBC}") = "PlantShop.Domain", "src\PlantShop.Domain\PlantShop.Domain.csproj", "{7CB4C4B1-2788-4B19-8F55-3E89FE8B7054}"
EndProject
Project("{FAE04EC0-301F-11D3-BF4B-00C04F79EFBC}") = "PlantShop.Application", "src\PlantShop.Application\PlantShop.Application.csproj", "{F10C5ABA-154C-45E6-8A91-0EFB3840872D}"
EndProject
Project("{FAE04EC0-301F-11D3-BF4B-00C04F79EFBC}") = "PlantShop.Infrastructure", "src\PlantShop.Infrastructure\PlantShop.Infrastructure.csproj", "{80C65F8D-93A5-490D-A782-61B43E87037D}"
EndProject
Project("{FAE04EC0-301F-11D3-BF4B-00C04F79EFBC}") = "PlantShop.WebUI", "src\PlantShop.WebUI\PlantShop.WebUI.csproj", "{8E0B6765-6EB4-4B2F-BEDE-A13EC5F8F16E}"
EndProject
Global
	GlobalSection(SolutionConfigurationPlatforms) = preSolution
		Debug|Any CPU = Debug|Any CPU
		Debug|x64 = Debug|x64
		Debug|x86 = Debug|x86
		Release|Any CPU = Release|Any CPU
		Release|x64 = Release|x64
		Release|x86 = Release|x86
	EndGlobalSection
	GlobalSection(ProjectConfigurationPlatforms) = postSolution
		{7CB4C4B1-2788-4B19-8F55-3E89FE8B7054}.Debug|Any CPU.ActiveCfg = Debug|Any CPU
		{7CB4C4B1-2788-4B19-8F55-3E89FE8B7054}.Debug|Any CPU.Build.0 = Debug|Any CPU
		{7CB4C4B1-2788-4B19-8F55-3E89FE8B7054}.Debug|x64.ActiveCfg = Debug|Any CPU
		{7CB4C4B1-2788-4B19-8F55-3E89FE8B7054}.Debug|x64.Build.0 = Debug|Any CPU
		{7CB4C4B1-2788-4B19-8F55-3E89FE8B7054}.Debug|x86.ActiveCfg = Debug|Any CPU
		{7CB4C4B1-2788-4B19-8F55-3E89FE8B7054}.Debug|x86.Build.0 = Debug|Any CPU
		{7CB4C4B1-2788-4B19-8F55-3E89FE8B7054}.Release|Any CPU.ActiveCfg = Release|Any CPU
		{7CB4C4B1-2788-4B19-8F55-3E89FE8B7054}.Release|Any CPU.Build.0 = Release|Any CPU
		{7CB4C4B1-2788-4B19-8F55-3E89FE8B7054}.Release|x64.ActiveCfg = Release|Any CPU
		{7CB4C4B1-2788-4B19-8F55-3E89FE8B7054}.Release|x64.Build.0 = Release|Any CPU
		{7CB4C4B1-2788-4B19-8F55-3E89FE8B7054}.Release|x86.ActiveCfg = Release|Any CPU
		{7CB4C4B1-2788-4B19-8F55-3E89FE8B7054}.Release|x86.Build.0 = Release|Any CPU
		{F10C5ABA-154C-45E6-8A91-0EFB3840872D}.Debug|Any CPU.ActiveCfg = Debug|Any CPU
		{F10C5ABA-154C-45E6-8A91-0EFB3840872D}.Debug|Any CPU.Build.0 = Debug|Any CPU
		{F10C5ABA-154C-45E6-8A91-0EFB3840872D}.Debug|x64.ActiveCfg = Debug|Any CPU
		{F10C5ABA-154C-45E6-8A91-0EFB3840872D}.Debug|x64.Build.0 = Debug|Any CPU
		{F10C5ABA-154C-45E6-8A91-0EFB3840872D}.Debug|x86.ActiveCfg = Debug|Any CPU
		{F10C5ABA-154C-45E6-8A91-0EFB3840872D}.Debug|x86.Build.0 = Debug|Any CPU
		{F10C5ABA-154C-45E6-8A91-0EFB3840872D}.Release|Any CPU.ActiveCfg = Release|Any CPU
		{F10C5ABA-154C-45E6-8A91-0EFB3840872D}.Release|Any CPU.Build.0 = Release|Any CPU
		{F10C5ABA-154C-45E6-8A91-0EFB3840872D}.Release|x64.ActiveCfg = Release|Any CPU
		{F10C5ABA-154C-45E6-8A91-0EFB3840872D}.Release|x64.Build.0 = Release|Any CPU
		{F10C5ABA-154C-45E6-8A91-0EFB3840872D}.Release|x86.ActiveCfg = Release|Any CPU
		{F10C5ABA-154C-45E6-8A91-0EFB3840872D}.Release|x86.Build.0 = Release|Any CPU
		{80C65F8D-93A5-490D-A782-61B43E87037D}.Debug|Any CPU.ActiveCfg = Debug|Any CPU
		{80C65F8D-93A5-490D-A782-61B43E87037D}.Debug|Any CPU.Build.0 = Debug|Any CPU
		{80C65F8D-93A5-490D-A782-61B43E87037D}.Debug|x64.ActiveCfg = Debug|Any CPU
		{80C65F8D-93A5-490D-A782-61B43E87037D}.Debug|x64.Build.0 = Debug|Any CPU
		{80C65F8D-93A5-490D-A782-61B43E87037D}.Debug|x86.ActiveCfg = Debug|Any CPU
		{80C65F8D-93A5-490D-A782-61B43E87037D}.Debug|x86.Build.0 = Debug|Any CPU
		{80C65F8D-93A5-490D-A782-61B43E87037D}.Release|Any CPU.ActiveCfg = Release|Any CPU
		{80C65F8D-93A5-490D-A782-61B43E87037D}.Release|Any CPU.Build.0 = Release|Any CPU
		{80C65F8D-93A5-490D-A782-61B43E87037D}.Release|x64.ActiveCfg = Release|Any CPU
		{80C65F8D-93A5-490D-A782-61B43E87037D}.Release|x64.Build.0 = Release|Any CPU
		{80C65F8D-93A5-490D-A782-61B43E87037D}.Release|x86.ActiveCfg = Release|Any CPU
		{80C65F8D-93A5-490D-A782-61B43E87037D}.Release|x86.Build.0 = Release|Any CPU
		{8E0B6765-6EB4-4B2F-BEDE-A13EC5F8F16E}.Debug|Any CPU.ActiveCfg = Debug|Any CPU
		{8E0B6765-6EB4-4B2F-BEDE-A13EC5F8F16E}.Debug|Any CPU.Build.0 = Debug|Any CPU
		{8E0B6765-6EB4-4B2F-BEDE-A13EC5F8F16E}.Debug|x64.ActiveCfg = Debug|Any CPU
		{8E0B6765-6EB4-4B2F-BEDE-A13EC5F8F16E}.Debug|x64.Build.0 = Debug|Any CPU
		{8E0B6765-6EB4-4B2F-BEDE-A13EC5F8F16E}.Debug|x86.ActiveCfg = Debug|Any CPU
		{8E0B6765-6EB4-4B2F-BEDE-A13EC5F8F16E}.Debug|x86.Build.0 = Debug|Any CPU
		{8E0B6765-6EB4-4B2F-BEDE-A13EC5F8F16E}.Release|Any CPU.ActiveCfg = Release|Any CPU
		{8E0B6765-6EB4-4B2F-BEDE-A13EC5F8F16E}.Release|Any CPU.Build.0 = Release|Any CPU
		{8E0B6765-6EB4-4B2F-BEDE-A13EC5F8F16E}.Release|x64.ActiveCfg = Release|Any CPU
		{8E0B6765-6EB4-4B2F-BEDE-A13EC5F8F16E}.Release|x64.Build.0 = Release|Any CPU
		{8E0B6765-6EB4-4B2F-BEDE-A13EC5F8F16E}.Release|x86.ActiveCfg = Release|Any CPU
		{8E0B6765-6EB4-4B2F-BEDE-A13EC5F8F16E}.Release|x86.Build.0 = Release|Any CPU
	EndGlobalSection
	GlobalSection(SolutionProperties) = preSolution
		HideSolutionNode = FALSE
	EndGlobalSection
	GlobalSection(NestedProjects) = preSolution
		{7CB4C4B1-2788-4B19-8F55-3E89FE8B7054} = {827E0CD3-B72D-47B6-A68D-7590B98EB39B}
		{F10C5ABA-154C-45E6-8A91-0EFB3840872D} = {827E0CD3-B72D-47B6-A68D-7590B98EB39B}
		{80C65F8D-93A5-490D-A782-61B43E87037D} = {827E0CD3-B72D-47B6-A68D-7590B98EB39B}
		{8E0B6765-6EB4-4B2F-BEDE-A13EC5F8F16E} = {827E0CD3-B72D-47B6-A68D-7590B98EB39B}
	EndGlobalSection
EndGlobal
